<?xml version="1.0" encoding="utf-8"?>
<Project ToolsVersion="4.0" xmlns="http://schemas.microsoft.com/developer/msbuild/2003">
  <ItemGroup>
    <Filter Include="Source Files">
      <UniqueIdentifier>{4FC737F1-C7A5-4376-A066-2A32D752A2FF}</UniqueIdentifier>
      <Extensions>cpp;c;cc;cxx;def;odl;idl;hpj;bat;asm;asmx</Extensions>
    </Filter>
    <Filter Include="Source Files\Auction">
      <UniqueIdentifier>{65a7da57-4aca-4435-a53e-ded8609c724f}</UniqueIdentifier>
    </Filter>
    <Filter Include="Source Files\Camera">
      <UniqueIdentifier>{9b2bf314-d18e-4cd8-961b-a474a766db65}</UniqueIdentifier>
    </Filter>
    <Filter Include="Source Files\Actor">
      <UniqueIdentifier>{ac7fb911-dadb-4201-b6ac-2266e85eab43}</UniqueIdentifier>
    </Filter>
    <Filter Include="Source Files\SNO">
      <UniqueIdentifier>{667dbea1-3937-42ed-ad25-0b5d5797cb2e}</UniqueIdentifier>
    </Filter>
    <Filter Include="Source Files\Process">
      <UniqueIdentifier>{ff3680ad-7201-4f66-b6c2-8c02b99cc83b}</UniqueIdentifier>
    </Filter>
    <Filter Include="Source Files\Interprocess">
      <UniqueIdentifier>{406f313c-77b9-4f46-81c7-b58140bbdce4}</UniqueIdentifier>
    </Filter>
    <Filter Include="Source Files\UI">
      <UniqueIdentifier>{047947af-20bb-4275-93f8-02624f7f600a}</UniqueIdentifier>
    </Filter>
    <Filter Include="Source Files\Scene">
      <UniqueIdentifier>{1869aacc-fe3e-4fbe-a24e-02caaff6542c}</UniqueIdentifier>
    </Filter>
    <Filter Include="Source Files\Window">
      <UniqueIdentifier>{cfb92e33-c7cc-4ede-88ad-3ea0b2e3befb}</UniqueIdentifier>
    </Filter>
    <Filter Include="Header Files">
      <UniqueIdentifier>{93995380-89BD-4b04-88EB-625FBE52EBFB}</UniqueIdentifier>
      <Extensions>h;hpp;hxx;hm;inl;inc;xsd</Extensions>
    </Filter>
    <Filter Include="Header Files\!Common">
      <UniqueIdentifier>{ada03aa2-2bb8-4d69-be9b-fbbb70e789c3}</UniqueIdentifier>
    </Filter>
    <Filter Include="Header Files\Scene">
      <UniqueIdentifier>{bcbf5d42-dfde-418d-95b8-4326a18b1bbb}</UniqueIdentifier>
    </Filter>
    <Filter Include="Header Files\UI">
      <UniqueIdentifier>{12379ccc-0c62-4a8e-8bc7-5aef8dd186e9}</UniqueIdentifier>
    </Filter>
    <Filter Include="Header Files\Process">
      <UniqueIdentifier>{1a935043-dc44-403a-976d-7b2a7b4123cb}</UniqueIdentifier>
    </Filter>
    <Filter Include="Header Files\Interprocess">
      <UniqueIdentifier>{2e5fef1b-715f-41de-9aab-0e6a1e46db70}</UniqueIdentifier>
    </Filter>
    <Filter Include="Header Files\Actor">
      <UniqueIdentifier>{2cbcf486-37dd-4d9e-8c0b-df20402e29d1}</UniqueIdentifier>
    </Filter>
    <Filter Include="Header Files\Camera">
      <UniqueIdentifier>{071a5cc0-3160-45d6-9c95-6a344c7ecafb}</UniqueIdentifier>
    </Filter>
    <Filter Include="Header Files\Window">
      <UniqueIdentifier>{1c0c8056-f3cb-47af-870f-b19dfd1f8fc3}</UniqueIdentifier>
    </Filter>
    <Filter Include="Header Files\SNO">
      <UniqueIdentifier>{f6bec8c3-97cb-4934-ae39-a12e8f3542cc}</UniqueIdentifier>
    </Filter>
    <Filter Include="Header Files\Definitions">
      <UniqueIdentifier>{2e24719c-c2fb-4817-a26d-314eca4c115d}</UniqueIdentifier>
    </Filter>
    <Filter Include="Header Files\Auction">
      <UniqueIdentifier>{4ad26cda-62db-4364-a173-7e4e61be8911}</UniqueIdentifier>
    </Filter>
  </ItemGroup>
  <ItemGroup>
    <ClCompile Include="AHItem.cpp">
      <Filter>Source Files\Auction</Filter>
    </ClCompile>
    <ClCompile Include="Auction.cpp">
      <Filter>Source Files\Auction</Filter>
    </ClCompile>
    <ClCompile Include="Camera.cpp">
      <Filter>Source Files\Camera</Filter>
    </ClCompile>
    <ClCompile Include="ActorManager.cpp">
      <Filter>Source Files\Actor</Filter>
    </ClCompile>
    <ClCompile Include="D3Actor.cpp">
      <Filter>Source Files\Actor</Filter>
    </ClCompile>
    <ClCompile Include="D3Player.cpp">
      <Filter>Source Files\Actor</Filter>
    </ClCompile>
    <ClCompile Include="Compressor.cpp">
      <Filter>Source Files\SNO</Filter>
    </ClCompile>
    <ClCompile Include="SNOManager.cpp">
      <Filter>Source Files\SNO</Filter>
    </ClCompile>
    <ClCompile Include="Globals.cpp">
      <Filter>Source Files\Process</Filter>
    </ClCompile>
    <ClCompile Include="MemCore.cpp">
      <Filter>Source Files\Process</Filter>
    </ClCompile>
    <ClCompile Include="MemDll.cpp">
      <Filter>Source Files\Process</Filter>
    </ClCompile>
    <ClCompile Include="Process.cpp">
      <Filter>Source Files\Process</Filter>
    </ClCompile>
    <ClCompile Include="Shared.cpp">
      <Filter>Source Files\Interprocess</Filter>
    </ClCompile>
    <ClCompile Include="UIManager.cpp">
      <Filter>Source Files\UI</Filter>
    </ClCompile>
    <ClCompile Include="Scene.cpp">
      <Filter>Source Files\Scene</Filter>
    </ClCompile>
    <ClCompile Include="SceneManager.cpp">
      <Filter>Source Files\Scene</Filter>
    </ClCompile>
    <ClCompile Include="D3Window.cpp">
      <Filter>Source Files\Window</Filter>
    </ClCompile>
  </ItemGroup>
  <ItemGroup>
    <ClInclude Include="stdafx.h">
      <Filter>Header Files\!Common</Filter>
    </ClInclude>
    <ClInclude Include="targetver.h">
      <Filter>Header Files\!Common</Filter>
    </ClInclude>
    <ClInclude Include="Scene.h">
      <Filter>Header Files\Scene</Filter>
    </ClInclude>
    <ClInclude Include="SceneManager.h">
      <Filter>Header Files\Scene</Filter>
    </ClInclude>
    <ClInclude Include="UI_structs.h">
      <Filter>Header Files\UI</Filter>
    </ClInclude>
    <ClInclude Include="UIManager.h">
      <Filter>Header Files\UI</Filter>
    </ClInclude>
    <ClInclude Include="Globals.h">
      <Filter>Header Files\Process</Filter>
    </ClInclude>
    <ClInclude Include="MemCore.h">
      <Filter>Header Files\Process</Filter>
    </ClInclude>
    <ClInclude Include="MemDll.h">
      <Filter>Header Files\Process</Filter>
    </ClInclude>
    <ClInclude Include="Process.h">
      <Filter>Header Files\Process</Filter>
    </ClInclude>
    <ClInclude Include="Shared.h">
      <Filter>Header Files\Interprocess</Filter>
    </ClInclude>
    <ClInclude Include="ActorManager.h">
      <Filter>Header Files\Actor</Filter>
    </ClInclude>
    <ClInclude Include="D3Actor.h">
      <Filter>Header Files\Actor</Filter>
    </ClInclude>
    <ClInclude Include="D3Player.h">
      <Filter>Header Files\Actor</Filter>
    </ClInclude>
    <ClInclude Include="Camera.h">
      <Filter>Header Files\Camera</Filter>
    </ClInclude>
    <ClInclude Include="D3Window.h">
      <Filter>Header Files\Window</Filter>
    </ClInclude>
    <ClInclude Include="Compressor.h">
      <Filter>Header Files\SNO</Filter>
    </ClInclude>
    <ClInclude Include="SNOClasses.h">
      <Filter>Header Files\SNO</Filter>
    </ClInclude>
    <ClInclude Include="SNOEnums.h">
      <Filter>Header Files\SNO</Filter>
    </ClInclude>
    <ClInclude Include="SNOManager.h">
      <Filter>Header Files\SNO</Filter>
    </ClInclude>
    <ClInclude Include="Attributes.h">
      <Filter>Header Files\Definitions</Filter>
    </ClInclude>
    <ClInclude Include="Defines.h">
      <Filter>Header Files\Definitions</Filter>
    </ClInclude>
    <ClInclude Include="Structs.h">
      <Filter>Header Files\Definitions</Filter>
    </ClInclude>
    <ClInclude Include="AHItem.h">
      <Filter>Header Files\Auction</Filter>
    </ClInclude>
    <ClInclude Include="Auction.h">
      <Filter>Header Files\Auction</Filter>
    </ClInclude>
  </ItemGroup>
  <ItemGroup>
    <None Include="zlib1.dll" />
  </ItemGroup>
</Project>